
Microsoft Visual Studio Solution File, Format Version 12.00
# Visual Studio Version 16
VisualStudioVersion = 16.0.29230.47
MinimumVisualStudioVersion = 10.0.40219.1
Project("{9A19103F-16F7-4668-BE54-9A1E7A4F7556}") = "EmailServices", "EmailServices\EmailServices.csproj", "{2A32AFBC-AE00-4814-A435-14406869A14C}"
EndProject
Project("{FAE04EC0-301F-11D3-BF4B-00C04F79EFBC}") = "EmailServicesDemo", "EmailServicesDemo\EmailServicesDemo.csproj", "{B7ACAD66-79DA-4A6C-AD5A-BEED46D4C64F}"
EndProject
Global
	GlobalSection(SolutionConfigurationPlatforms) = preSolution
		Debug|Any CPU = Debug|Any CPU
		Release|Any CPU = Release|Any CPU
	EndGlobalSection
	GlobalSection(ProjectConfigurationPlatforms) = postSolution
		{2A32AFBC-AE00-4814-A435-14406869A14C}.Debug|Any CPU.ActiveCfg = Debug|Any CPU
		{2A32AFBC-AE00-4814-A435-14406869A14C}.Debug|Any CPU.Build.0 = Debug|Any CPU
		{2A32AFBC-AE00-4814-A435-14406869A14C}.Release|Any CPU.ActiveCfg = Release|Any CPU
		{2A32AFBC-AE00-4814-A435-14406869A14C}.Release|Any CPU.Build.0 = Release|Any CPU
		{B7ACAD66-79DA-4A6C-AD5A-BEED46D4C64F}.Debug|Any CPU.ActiveCfg = Debug|Any CPU
		{B7ACAD66-79DA-4A6C-AD5A-BEED46D4C64F}.Debug|Any CPU.Build.0 = Debug|Any CPU
		{B7ACAD66-79DA-4A6C-AD5A-BEED46D4C64F}.Release|Any CPU.ActiveCfg = Release|Any CPU
		{B7ACAD66-79DA-4A6C-AD5A-BEED46D4C64F}.Release|Any CPU.Build.0 = Release|Any CPU
	EndGlobalSection
	GlobalSection(SolutionProperties) = preSolution
		HideSolutionNode = FALSE
	EndGlobalSection
	GlobalSection(ExtensibilityGlobals) = postSolution
		SolutionGuid = {EAE526D5-F1BD-45BA-82E4-C7DBCD660355}
	EndGlobalSection
EndGlobal
